
Microsoft Visual Studio Solution File, Format Version 12.00
# Visual Studio Version 17
VisualStudioVersion = 17.10.35004.147
MinimumVisualStudioVersion = 10.0.40219.1
Project("{FAE04EC0-301F-11D3-BF4B-00C04F79EFBC}") = "NOSQL-Project", "NOSQL-Project\NOSQL-Project.csproj", "{66C269D8-A2C4-435D-BF75-948CC57641A4}"
EndProject
Global
	GlobalSection(SolutionConfigurationPlatforms) = preSolution
		Debug|Any CPU = Debug|Any CPU
		Release|Any CPU = Release|Any CPU
	EndGlobalSection
	GlobalSection(ProjectConfigurationPlatforms) = postSolution
		{66C269D8-A2C4-435D-BF75-948CC57641A4}.Debug|Any CPU.ActiveCfg = Debug|Any CPU
		{66C269D8-A2C4-435D-BF75-948CC57641A4}.Debug|Any CPU.Build.0 = Debug|Any CPU
		{66C269D8-A2C4-435D-BF75-948CC57641A4}.Release|Any CPU.ActiveCfg = Release|Any CPU
		{66C269D8-A2C4-435D-BF75-948CC57641A4}.Release|Any CPU.Build.0 = Release|Any CPU
	EndGlobalSection
	GlobalSection(SolutionProperties) = preSolution
		HideSolutionNode = FALSE
	EndGlobalSection
	GlobalSection(ExtensibilityGlobals) = postSolution
		SolutionGuid = {EF21DA07-088B-45B8-9391-675BB1BCC46F}
	EndGlobalSection
EndGlobal
